
Microsoft Visual Studio Solution File, Format Version 12.00
# Visual Studio Version 17
VisualStudioVersion = 17.14.36616.10 d17.14
MinimumVisualStudioVersion = 10.0.40219.1
Project("{FAE04EC0-301F-11D3-BF4B-00C04F79EFBC}") = "SEETHELIGHTCLOTHING", "SEETHELIGHTCLOTHING\SEETHELIGHTCLOTHING.csproj", "{49B485E8-112D-43B6-8610-635B003AD5A4}"
EndProject
Global
	GlobalSection(SolutionConfigurationPlatforms) = preSolution
		Debug|Any CPU = Debug|Any CPU
		Release|Any CPU = Release|Any CPU
	EndGlobalSection
	GlobalSection(ProjectConfigurationPlatforms) = postSolution
		{49B485E8-112D-43B6-8610-635B003AD5A4}.Debug|Any CPU.ActiveCfg = Debug|Any CPU
		{49B485E8-112D-43B6-8610-635B003AD5A4}.Debug|Any CPU.Build.0 = Debug|Any CPU
		{49B485E8-112D-43B6-8610-635B003AD5A4}.Release|Any CPU.ActiveCfg = Release|Any CPU
		{49B485E8-112D-43B6-8610-635B003AD5A4}.Release|Any CPU.Build.0 = Release|Any CPU
	EndGlobalSection
	GlobalSection(SolutionProperties) = preSolution
		HideSolutionNode = FALSE
	EndGlobalSection
	GlobalSection(ExtensibilityGlobals) = postSolution
		SolutionGuid = {A0329BC0-0C5C-4196-8F60-A37F8BF1D9F9}
	EndGlobalSection
EndGlobal
